// !$*UTF8*$!
{
	archiveVersion = 1;
	classes = {
	};
	objectVersion = 56;
	objects = {

/* Begin PBXBuildFile section */
		805468A7293C1AB200430243 /* main.swift in Sources */ = {isa = PBXBuildFile; fileRef = 805468A6293C1AB200430243 /* main.swift */; };
		805468AF293C1AF900430243 /* Algorithms in Frameworks */ = {isa = PBXBuildFile; productRef = 805468AE293C1AF900430243 /* Algorithms */; };
		805468B2293C1B0C00430243 /* Numerics in Frameworks */ = {isa = PBXBuildFile; productRef = 805468B1293C1B0C00430243 /* Numerics */; };
		805468B5293C1B2500430243 /* Collections in Frameworks */ = {isa = PBXBuildFile; productRef = 805468B4293C1B2500430243 /* Collections */; };
		805468B8293C1B5900430243 /* Day.swift in Sources */ = {isa = PBXBuildFile; fileRef = 805468B7293C1B5900430243 /* Day.swift */; };
		805468BB293C1B8B00430243 /* OrderedCollections in Frameworks */ = {isa = PBXBuildFile; productRef = 805468BA293C1B8B00430243 /* OrderedCollections */; };
		805468BD293C1C2300430243 /* Day3.swift in Sources */ = {isa = PBXBuildFile; fileRef = 805468BC293C1C2300430243 /* Day3.swift */; };
		805468C0293C1C4300430243 /* String+Extension.swift in Sources */ = {isa = PBXBuildFile; fileRef = 805468BF293C1C4300430243 /* String+Extension.swift */; };
		805469FB293D09E300430243 /* Day4.swift in Sources */ = {isa = PBXBuildFile; fileRef = 805469FA293D09E300430243 /* Day4.swift */; };
		805469FF293E14F900430243 /* Day5.swift in Sources */ = {isa = PBXBuildFile; fileRef = 805469FE293E14F900430243 /* Day5.swift */; };
/* End PBXBuildFile section */

/* Begin PBXCopyFilesBuildPhase section */
		805468A1293C1AB200430243 /* CopyFiles */ = {
			isa = PBXCopyFilesBuildPhase;
			buildActionMask = 2147483647;
			dstPath = "";
			dstSubfolderSpec = 0;
			files = (
			);
			runOnlyForDeploymentPostprocessing = 1;
		};
/* End PBXCopyFilesBuildPhase section */

/* Begin PBXFileReference section */
		805468A3293C1AB200430243 /* AdventOfCode2022 */ = {isa = PBXFileReference; explicitFileType = "compiled.mach-o.executable"; includeInIndex = 0; path = AdventOfCode2022; sourceTree = BUILT_PRODUCTS_DIR; };
		805468A6293C1AB200430243 /* main.swift */ = {isa = PBXFileReference; lastKnownFileType = sourcecode.swift; path = main.swift; sourceTree = "<group>"; };
		805468B7293C1B5900430243 /* Day.swift */ = {isa = PBXFileReference; lastKnownFileType = sourcecode.swift; path = Day.swift; sourceTree = "<group>"; };
		805468BC293C1C2300430243 /* Day3.swift */ = {isa = PBXFileReference; lastKnownFileType = sourcecode.swift; path = Day3.swift; sourceTree = "<group>"; };
		805468BF293C1C4300430243 /* String+Extension.swift */ = {isa = PBXFileReference; lastKnownFileType = sourcecode.swift; path = "String+Extension.swift"; sourceTree = "<group>"; };
		805469FA293D09E300430243 /* Day4.swift */ = {isa = PBXFileReference; lastKnownFileType = sourcecode.swift; path = Day4.swift; sourceTree = "<group>"; };
		805469FE293E14F900430243 /* Day5.swift */ = {isa = PBXFileReference; lastKnownFileType = sourcecode.swift; path = Day5.swift; sourceTree = "<group>"; };
/* End PBXFileReference section */

/* Begin PBXFrameworksBuildPhase section */
		805468A0293C1AB200430243 /* Frameworks */ = {
			isa = PBXFrameworksBuildPhase;
			buildActionMask = 2147483647;
			files = (
				805468B5293C1B2500430243 /* Collections in Frameworks */,
				805468B2293C1B0C00430243 /* Numerics in Frameworks */,
				805468BB293C1B8B00430243 /* OrderedCollections in Frameworks */,
				805468AF293C1AF900430243 /* Algorithms in Frameworks */,
			);
			runOnlyForDeploymentPostprocessing = 0;
		};
/* End PBXFrameworksBuildPhase section */

/* Begin PBXGroup section */
		8054689A293C1AB200430243 = {
			isa = PBXGroup;
			children = (
				805468A5293C1AB200430243 /* AdventOfCode2022 */,
				805468A4293C1AB200430243 /* Products */,
				805468B9293C1B8B00430243 /* Frameworks */,
			);
			sourceTree = "<group>";
		};
		805468A4293C1AB200430243 /* Products */ = {
			isa = PBXGroup;
			children = (
				805468A3293C1AB200430243 /* AdventOfCode2022 */,
			);
			name = Products;
			sourceTree = "<group>";
		};
		805468A5293C1AB200430243 /* AdventOfCode2022 */ = {
			isa = PBXGroup;
			children = (
				805468BE293C1C3000430243 /* Extensions */,
				805468B6293C1B4100430243 /* Days */,
				805468A6293C1AB200430243 /* main.swift */,
				805468B7293C1B5900430243 /* Day.swift */,
			);
			path = AdventOfCode2022;
			sourceTree = "<group>";
		};
		805468B6293C1B4100430243 /* Days */ = {
			isa = PBXGroup;
			children = (
				805468BC293C1C2300430243 /* Day3.swift */,
				805469FA293D09E300430243 /* Day4.swift */,
				805469FE293E14F900430243 /* Day5.swift */,
			);
			path = Days;
			sourceTree = "<group>";
		};
		805468B9293C1B8B00430243 /* Frameworks */ = {
			isa = PBXGroup;
			children = (
			);
			name = Frameworks;
			sourceTree = "<group>";
		};
		805468BE293C1C3000430243 /* Extensions */ = {
			isa = PBXGroup;
			children = (
				805468BF293C1C4300430243 /* String+Extension.swift */,
			);
			path = Extensions;
			sourceTree = "<group>";
		};
/* End PBXGroup section */

/* Begin PBXNativeTarget section */
		805468A2293C1AB200430243 /* AdventOfCode2022 */ = {
			isa = PBXNativeTarget;
			buildConfigurationList = 805468AA293C1AB200430243 /* Build configuration list for PBXNativeTarget "AdventOfCode2022" */;
			buildPhases = (
				8054689F293C1AB200430243 /* Sources */,
				805468A0293C1AB200430243 /* Frameworks */,
				805468A1293C1AB200430243 /* CopyFiles */,
			);
			buildRules = (
			);
			dependencies = (
			);
			name = AdventOfCode2022;
			packageProductDependencies = (
				805468AE293C1AF900430243 /* Algorithms */,
				805468B1293C1B0C00430243 /* Numerics */,
				805468B4293C1B2500430243 /* Collections */,
				805468BA293C1B8B00430243 /* OrderedCollections */,
			);
			productName = AdventOfCode2022;
			productReference = 805468A3293C1AB200430243 /* AdventOfCode2022 */;
			productType = "com.apple.product-type.tool";
		};
/* End PBXNativeTarget section */

/* Begin PBXProject section */
		8054689B293C1AB200430243 /* Project object */ = {
			isa = PBXProject;
			attributes = {
				BuildIndependentTargetsInParallel = 1;
				LastSwiftUpdateCheck = 1410;
				LastUpgradeCheck = 1410;
				TargetAttributes = {
					805468A2293C1AB200430243 = {
						CreatedOnToolsVersion = 14.1;
					};
				};
			};
			buildConfigurationList = 8054689E293C1AB200430243 /* Build configuration list for PBXProject "AdventOfCode2022" */;
			compatibilityVersion = "Xcode 14.0";
			developmentRegion = en;
			hasScannedForEncodings = 0;
			knownRegions = (
				en,
				Base,
			);
			mainGroup = 8054689A293C1AB200430243;
			packageReferences = (
				805468AD293C1AF900430243 /* XCRemoteSwiftPackageReference "swift-algorithms" */,
				805468B0293C1B0C00430243 /* XCRemoteSwiftPackageReference "swift-numerics" */,
				805468B3293C1B2500430243 /* XCRemoteSwiftPackageReference "swift-collections" */,
			);
			productRefGroup = 805468A4293C1AB200430243 /* Products */;
			projectDirPath = "";
			projectRoot = "";
			targets = (
				805468A2293C1AB200430243 /* AdventOfCode2022 */,
			);
		};
/* End PBXProject section */

/* Begin PBXSourcesBuildPhase section */
		8054689F293C1AB200430243 /* Sources */ = {
			isa = PBXSourcesBuildPhase;
			buildActionMask = 2147483647;
			files = (
				805468C0293C1C4300430243 /* String+Extension.swift in Sources */,
				805469FB293D09E300430243 /* Day4.swift in Sources */,
				805468B8293C1B5900430243 /* Day.swift in Sources */,
				805468BD293C1C2300430243 /* Day3.swift in Sources */,
				805469FF293E14F900430243 /* Day5.swift in Sources */,
				805468A7293C1AB200430243 /* main.swift in Sources */,
			);
			runOnlyForDeploymentPostprocessing = 0;
		};
/* End PBXSourcesBuildPhase section */

/* Begin XCBuildConfiguration section */
		805468A8293C1AB200430243 /* Debug */ = {
			isa = XCBuildConfiguration;
			buildSettings = {
				ALWAYS_SEARCH_USER_PATHS = NO;
				CLANG_ANALYZER_NONNULL = YES;
				CLANG_ANALYZER_NUMBER_OBJECT_CONVERSION = YES_AGGRESSIVE;
				CLANG_CXX_LANGUAGE_STANDARD = "gnu++20";
				CLANG_ENABLE_MODULES = YES;
				CLANG_ENABLE_OBJC_ARC = YES;
				CLANG_ENABLE_OBJC_WEAK = YES;
				CLANG_WARN_BLOCK_CAPTURE_AUTORELEASING = YES;
				CLANG_WARN_BOOL_CONVERSION = YES;
				CLANG_WARN_COMMA = YES;
				CLANG_WARN_CONSTANT_CONVERSION = YES;
				CLANG_WARN_DEPRECATED_OBJC_IMPLEMENTATIONS = YES;
				CLANG_WARN_DIRECT_OBJC_ISA_USAGE = YES_ERROR;
				CLANG_WARN_DOCUMENTATION_COMMENTS = YES;
				CLANG_WARN_EMPTY_BODY = YES;
				CLANG_WARN_ENUM_CONVERSION = YES;
				CLANG_WARN_INFINITE_RECURSION = YES;
				CLANG_WARN_INT_CONVERSION = YES;
				CLANG_WARN_NON_LITERAL_NULL_CONVERSION = YES;
				CLANG_WARN_OBJC_IMPLICIT_RETAIN_SELF = YES;
				CLANG_WARN_OBJC_LITERAL_CONVERSION = YES;
				CLANG_WARN_OBJC_ROOT_CLASS = YES_ERROR;
				CLANG_WARN_QUOTED_INCLUDE_IN_FRAMEWORK_HEADER = YES;
				CLANG_WARN_RANGE_LOOP_ANALYSIS = YES;
				CLANG_WARN_STRICT_PROTOTYPES = YES;
				CLANG_WARN_SUSPICIOUS_MOVE = YES;
				CLANG_WARN_UNGUARDED_AVAILABILITY = YES_AGGRESSIVE;
				CLANG_WARN_UNREACHABLE_CODE = YES;
				CLANG_WARN__DUPLICATE_METHOD_MATCH = YES;
				COPY_PHASE_STRIP = NO;
				DEBUG_INFORMATION_FORMAT = dwarf;
				ENABLE_STRICT_OBJC_MSGSEND = YES;
				ENABLE_TESTABILITY = YES;
				GCC_C_LANGUAGE_STANDARD = gnu11;
				GCC_DYNAMIC_NO_PIC = NO;
				GCC_NO_COMMON_BLOCKS = YES;
				GCC_OPTIMIZATION_LEVEL = 0;
				GCC_PREPROCESSOR_DEFINITIONS = (
					"DEBUG=1",
					"$(inherited)",
				);
				GCC_WARN_64_TO_32_BIT_CONVERSION = YES;
				GCC_WARN_ABOUT_RETURN_TYPE = YES_ERROR;
				GCC_WARN_UNDECLARED_SELECTOR = YES;
				GCC_WARN_UNINITIALIZED_AUTOS = YES_AGGRESSIVE;
				GCC_WARN_UNUSED_FUNCTION = YES;
				GCC_WARN_UNUSED_VARIABLE = YES;
				MACOSX_DEPLOYMENT_TARGET = 13.0;
				MTL_ENABLE_DEBUG_INFO = INCLUDE_SOURCE;
				MTL_FAST_MATH = YES;
				ONLY_ACTIVE_ARCH = YES;
				SDKROOT = macosx;
				SWIFT_ACTIVE_COMPILATION_CONDITIONS = DEBUG;
				SWIFT_OPTIMIZATION_LEVEL = "-Onone";
			};
			name = Debug;
		};
		805468A9293C1AB200430243 /* Release */ = {
			isa = XCBuildConfiguration;
			buildSettings = {
				ALWAYS_SEARCH_USER_PATHS = NO;
				CLANG_ANALYZER_NONNULL = YES;
				CLANG_ANALYZER_NUMBER_OBJECT_CONVERSION = YES_AGGRESSIVE;
				CLANG_CXX_LANGUAGE_STANDARD = "gnu++20";
				CLANG_ENABLE_MODULES = YES;
				CLANG_ENABLE_OBJC_ARC = YES;
				CLANG_ENABLE_OBJC_WEAK = YES;
				CLANG_WARN_BLOCK_CAPTURE_AUTORELEASING = YES;
				CLANG_WARN_BOOL_CONVERSION = YES;
				CLANG_WARN_COMMA = YES;
				CLANG_WARN_CONSTANT_CONVERSION = YES;
				CLANG_WARN_DEPRECATED_OBJC_IMPLEMENTATIONS = YES;
				CLANG_WARN_DIRECT_OBJC_ISA_USAGE = YES_ERROR;
				CLANG_WARN_DOCUMENTATION_COMMENTS = YES;
				CLANG_WARN_EMPTY_BODY = YES;
				CLANG_WARN_ENUM_CONVERSION = YES;
				CLANG_WARN_INFINITE_RECURSION = YES;
				CLANG_WARN_INT_CONVERSION = YES;
				CLANG_WARN_NON_LITERAL_NULL_CONVERSION = YES;
				CLANG_WARN_OBJC_IMPLICIT_RETAIN_SELF = YES;
				CLANG_WARN_OBJC_LITERAL_CONVERSION = YES;
				CLANG_WARN_OBJC_ROOT_CLASS = YES_ERROR;
				CLANG_WARN_QUOTED_INCLUDE_IN_FRAMEWORK_HEADER = YES;
				CLANG_WARN_RANGE_LOOP_ANALYSIS = YES;
				CLANG_WARN_STRICT_PROTOTYPES = YES;
				CLANG_WARN_SUSPICIOUS_MOVE = YES;
				CLANG_WARN_UNGUARDED_AVAILABILITY = YES_AGGRESSIVE;
				CLANG_WARN_UNREACHABLE_CODE = YES;
				CLANG_WARN__DUPLICATE_METHOD_MATCH = YES;
				COPY_PHASE_STRIP = NO;
				DEBUG_INFORMATION_FORMAT = "dwarf-with-dsym";
				ENABLE_NS_ASSERTIONS = NO;
				ENABLE_STRICT_OBJC_MSGSEND = YES;
				GCC_C_LANGUAGE_STANDARD = gnu11;
				GCC_NO_COMMON_BLOCKS = YES;
				GCC_WARN_64_TO_32_BIT_CONVERSION = YES;
				GCC_WARN_ABOUT_RETURN_TYPE = YES_ERROR;
				GCC_WARN_UNDECLARED_SELECTOR = YES;
				GCC_WARN_UNINITIALIZED_AUTOS = YES_AGGRESSIVE;
				GCC_WARN_UNUSED_FUNCTION = YES;
				GCC_WARN_UNUSED_VARIABLE = YES;
				MACOSX_DEPLOYMENT_TARGET = 13.0;
				MTL_ENABLE_DEBUG_INFO = NO;
				MTL_FAST_MATH = YES;
				SDKROOT = macosx;
				SWIFT_COMPILATION_MODE = wholemodule;
				SWIFT_OPTIMIZATION_LEVEL = "-O";
			};
			name = Release;
		};
		805468AB293C1AB200430243 /* Debug */ = {
			isa = XCBuildConfiguration;
			buildSettings = {
				CODE_SIGN_STYLE = Automatic;
				DEVELOPMENT_TEAM = Q465ZYUGTC;
				ENABLE_HARDENED_RUNTIME = YES;
				PRODUCT_NAME = "$(TARGET_NAME)";
				SWIFT_VERSION = 5.0;
			};
			name = Debug;
		};
		805468AC293C1AB200430243 /* Release */ = {
			isa = XCBuildConfiguration;
			buildSettings = {
				CODE_SIGN_STYLE = Automatic;
				DEVELOPMENT_TEAM = Q465ZYUGTC;
				ENABLE_HARDENED_RUNTIME = YES;
				PRODUCT_NAME = "$(TARGET_NAME)";
				SWIFT_VERSION = 5.0;
			};
			name = Release;
		};
/* End XCBuildConfiguration section */

/* Begin XCConfigurationList section */
		8054689E293C1AB200430243 /* Build configuration list for PBXProject "AdventOfCode2022" */ = {
			isa = XCConfigurationList;
			buildConfigurations = (
				805468A8293C1AB200430243 /* Debug */,
				805468A9293C1AB200430243 /* Release */,
			);
			defaultConfigurationIsVisible = 0;
			defaultConfigurationName = Release;
		};
		805468AA293C1AB200430243 /* Build configuration list for PBXNativeTarget "AdventOfCode2022" */ = {
			isa = XCConfigurationList;
			buildConfigurations = (
				805468AB293C1AB200430243 /* Debug */,
				805468AC293C1AB200430243 /* Release */,
			);
			defaultConfigurationIsVisible = 0;
			defaultConfigurationName = Release;
		};
/* End XCConfigurationList section */

/* Begin XCRemoteSwiftPackageReference section */
		805468AD293C1AF900430243 /* XCRemoteSwiftPackageReference "swift-algorithms" */ = {
			isa = XCRemoteSwiftPackageReference;
			repositoryURL = "https://github.com/apple/swift-algorithms.git";
			requirement = {
				kind = upToNextMajorVersion;
				minimumVersion = 1.0.0;
			};
		};
		805468B0293C1B0C00430243 /* XCRemoteSwiftPackageReference "swift-numerics" */ = {
			isa = XCRemoteSwiftPackageReference;
			repositoryURL = "https://github.com/apple/swift-numerics.git";
			requirement = {
				kind = upToNextMajorVersion;
				minimumVersion = 1.0.0;
			};
		};
		805468B3293C1B2500430243 /* XCRemoteSwiftPackageReference "swift-collections" */ = {
			isa = XCRemoteSwiftPackageReference;
			repositoryURL = "https://github.com/apple/swift-collections.git";
			requirement = {
				kind = upToNextMajorVersion;
				minimumVersion = 1.0.0;
			};
		};
/* End XCRemoteSwiftPackageReference section */

/* Begin XCSwiftPackageProductDependency section */
		805468AE293C1AF900430243 /* Algorithms */ = {
			isa = XCSwiftPackageProductDependency;
			package = 805468AD293C1AF900430243 /* XCRemoteSwiftPackageReference "swift-algorithms" */;
			productName = Algorithms;
		};
		805468B1293C1B0C00430243 /* Numerics */ = {
			isa = XCSwiftPackageProductDependency;
			package = 805468B0293C1B0C00430243 /* XCRemoteSwiftPackageReference "swift-numerics" */;
			productName = Numerics;
		};
		805468B4293C1B2500430243 /* Collections */ = {
			isa = XCSwiftPackageProductDependency;
			package = 805468B3293C1B2500430243 /* XCRemoteSwiftPackageReference "swift-collections" */;
			productName = Collections;
		};
		805468BA293C1B8B00430243 /* OrderedCollections */ = {
			isa = XCSwiftPackageProductDependency;
			package = 805468B3293C1B2500430243 /* XCRemoteSwiftPackageReference "swift-collections" */;
			productName = OrderedCollections;
		};
/* End XCSwiftPackageProductDependency section */
	};
	rootObject = 8054689B293C1AB200430243 /* Project object */;
}
